# This file is autogenerated, do not edit; changes may be undone by the next 'dep ensure'.


[[projects]]
  branch = "master"
  name = "github.com/HotelsDotCom/flyte-client"
  packages = [
    "client",
    "flyte",
    "healthcheck"
  ]
  revision = "e6fac3e89d97228747aab75ca7468a5388d32d0b"

[[projects]]
  branch = "master"
  name = "github.com/HotelsDotCom/go-logger"
  packages = ["."]
  revision = "80a244c898b038d54a842d2197e2b2e9639b1565"

[solve-meta]
  analyzer-name = "dep"
  analyzer-version = 1
  inputs-digest = "cb8bfa397186a4c87d63da79d1e0b8e2edb0d2c939f07eb55f39f59dd83a41f0"
  solver-name = "gps-cdcl"
  solver-version = 1
